// !$*UTF8*$!
{
	archiveVersion = 1;
	classes = {
	};
	objectVersion = 56;
	objects = {

/* Begin PBXBuildFile section */
		01B9F55D2B015400007EA85A /* country_assignment_2_3App.swift in Sources */ = {isa = PBXBuildFile; fileRef = 01B9F55C2B015400007EA85A /* country_assignment_2_3App.swift */; };
		01B9F55F2B015400007EA85A /* ContentView.swift in Sources */ = {isa = PBXBuildFile; fileRef = 01B9F55E2B015400007EA85A /* ContentView.swift */; };
		01B9F5612B015402007EA85A /* Assets.xcassets in Resources */ = {isa = PBXBuildFile; fileRef = 01B9F5602B015402007EA85A /* Assets.xcassets */; };
		01B9F5642B015402007EA85A /* Preview Assets.xcassets in Resources */ = {isa = PBXBuildFile; fileRef = 01B9F5632B015402007EA85A /* Preview Assets.xcassets */; };
		01B9F56E2B015402007EA85A /* country_assignment_2_3Tests.swift in Sources */ = {isa = PBXBuildFile; fileRef = 01B9F56D2B015402007EA85A /* country_assignment_2_3Tests.swift */; };
		01B9F5782B015402007EA85A /* country_assignment_2_3UITests.swift in Sources */ = {isa = PBXBuildFile; fileRef = 01B9F5772B015402007EA85A /* country_assignment_2_3UITests.swift */; };
		01B9F57A2B015402007EA85A /* country_assignment_2_3UITestsLaunchTests.swift in Sources */ = {isa = PBXBuildFile; fileRef = 01B9F5792B015402007EA85A /* country_assignment_2_3UITestsLaunchTests.swift */; };
/* End PBXBuildFile section */

/* Begin PBXContainerItemProxy section */
		01B9F56A2B015402007EA85A /* PBXContainerItemProxy */ = {
			isa = PBXContainerItemProxy;
			containerPortal = 01B9F5512B015400007EA85A /* Project object */;
			proxyType = 1;
			remoteGlobalIDString = 01B9F5582B015400007EA85A;
			remoteInfo = "country-assignment-2-3";
		};
		01B9F5742B015402007EA85A /* PBXContainerItemProxy */ = {
			isa = PBXContainerItemProxy;
			containerPortal = 01B9F5512B015400007EA85A /* Project object */;
			proxyType = 1;
			remoteGlobalIDString = 01B9F5582B015400007EA85A;
			remoteInfo = "country-assignment-2-3";
		};
/* End PBXContainerItemProxy section */

/* Begin PBXFileReference section */
		01B9F5592B015400007EA85A /* country-assignment-2-3.app */ = {isa = PBXFileReference; explicitFileType = wrapper.application; includeInIndex = 0; path = "country-assignment-2-3.app"; sourceTree = BUILT_PRODUCTS_DIR; };
		01B9F55C2B015400007EA85A /* country_assignment_2_3App.swift */ = {isa = PBXFileReference; lastKnownFileType = sourcecode.swift; path = country_assignment_2_3App.swift; sourceTree = "<group>"; };
		01B9F55E2B015400007EA85A /* ContentView.swift */ = {isa = PBXFileReference; lastKnownFileType = sourcecode.swift; path = ContentView.swift; sourceTree = "<group>"; };
		01B9F5602B015402007EA85A /* Assets.xcassets */ = {isa = PBXFileReference; lastKnownFileType = folder.assetcatalog; path = Assets.xcassets; sourceTree = "<group>"; };
		01B9F5632B015402007EA85A /* Preview Assets.xcassets */ = {isa = PBXFileReference; lastKnownFileType = folder.assetcatalog; path = "Preview Assets.xcassets"; sourceTree = "<group>"; };
		01B9F5692B015402007EA85A /* country-assignment-2-3Tests.xctest */ = {isa = PBXFileReference; explicitFileType = wrapper.cfbundle; includeInIndex = 0; path = "country-assignment-2-3Tests.xctest"; sourceTree = BUILT_PRODUCTS_DIR; };
		01B9F56D2B015402007EA85A /* country_assignment_2_3Tests.swift */ = {isa = PBXFileReference; lastKnownFileType = sourcecode.swift; path = country_assignment_2_3Tests.swift; sourceTree = "<group>"; };
		01B9F5732B015402007EA85A /* country-assignment-2-3UITests.xctest */ = {isa = PBXFileReference; explicitFileType = wrapper.cfbundle; includeInIndex = 0; path = "country-assignment-2-3UITests.xctest"; sourceTree = BUILT_PRODUCTS_DIR; };
		01B9F5772B015402007EA85A /* country_assignment_2_3UITests.swift */ = {isa = PBXFileReference; lastKnownFileType = sourcecode.swift; path = country_assignment_2_3UITests.swift; sourceTree = "<group>"; };
		01B9F5792B015402007EA85A /* country_assignment_2_3UITestsLaunchTests.swift */ = {isa = PBXFileReference; lastKnownFileType = sourcecode.swift; path = country_assignment_2_3UITestsLaunchTests.swift; sourceTree = "<group>"; };
/* End PBXFileReference section */

/* Begin PBXFrameworksBuildPhase section */
		01B9F5562B015400007EA85A /* Frameworks */ = {
			isa = PBXFrameworksBuildPhase;
			buildActionMask = 2147483647;
			files = (
			);
			runOnlyForDeploymentPostprocessing = 0;
		};
		01B9F5662B015402007EA85A /* Frameworks */ = {
			isa = PBXFrameworksBuildPhase;
			buildActionMask = 2147483647;
			files = (
			);
			runOnlyForDeploymentPostprocessing = 0;
		};
		01B9F5702B015402007EA85A /* Frameworks */ = {
			isa = PBXFrameworksBuildPhase;
			buildActionMask = 2147483647;
			files = (
			);
			runOnlyForDeploymentPostprocessing = 0;
		};
/* End PBXFrameworksBuildPhase section */

/* Begin PBXGroup section */
		01B9F5502B015400007EA85A = {
			isa = PBXGroup;
			children = (
				01B9F55B2B015400007EA85A /* country-assignment-2-3 */,
				01B9F56C2B015402007EA85A /* country-assignment-2-3Tests */,
				01B9F5762B015402007EA85A /* country-assignment-2-3UITests */,
				01B9F55A2B015400007EA85A /* Products */,
			);
			sourceTree = "<group>";
		};
		01B9F55A2B015400007EA85A /* Products */ = {
			isa = PBXGroup;
			children = (
				01B9F5592B015400007EA85A /* country-assignment-2-3.app */,
				01B9F5692B015402007EA85A /* country-assignment-2-3Tests.xctest */,
				01B9F5732B015402007EA85A /* country-assignment-2-3UITests.xctest */,
			);
			name = Products;
			sourceTree = "<group>";
		};
		01B9F55B2B015400007EA85A /* country-assignment-2-3 */ = {
			isa = PBXGroup;
			children = (
				01B9F55C2B015400007EA85A /* country_assignment_2_3App.swift */,
				01B9F55E2B015400007EA85A /* ContentView.swift */,
				01B9F5602B015402007EA85A /* Assets.xcassets */,
				01B9F5622B015402007EA85A /* Preview Content */,
			);
			path = "country-assignment-2-3";
			sourceTree = "<group>";
		};
		01B9F5622B015402007EA85A /* Preview Content */ = {
			isa = PBXGroup;
			children = (
				01B9F5632B015402007EA85A /* Preview Assets.xcassets */,
			);
			path = "Preview Content";
			sourceTree = "<group>";
		};
		01B9F56C2B015402007EA85A /* country-assignment-2-3Tests */ = {
			isa = PBXGroup;
			children = (
				01B9F56D2B015402007EA85A /* country_assignment_2_3Tests.swift */,
			);
			path = "country-assignment-2-3Tests";
			sourceTree = "<group>";
		};
		01B9F5762B015402007EA85A /* country-assignment-2-3UITests */ = {
			isa = PBXGroup;
			children = (
				01B9F5772B015402007EA85A /* country_assignment_2_3UITests.swift */,
				01B9F5792B015402007EA85A /* country_assignment_2_3UITestsLaunchTests.swift */,
			);
			path = "country-assignment-2-3UITests";
			sourceTree = "<group>";
		};
/* End PBXGroup section */

/* Begin PBXNativeTarget section */
		01B9F5582B015400007EA85A /* country-assignment-2-3 */ = {
			isa = PBXNativeTarget;
			buildConfigurationList = 01B9F57D2B015402007EA85A /* Build configuration list for PBXNativeTarget "country-assignment-2-3" */;
			buildPhases = (
				01B9F5552B015400007EA85A /* Sources */,
				01B9F5562B015400007EA85A /* Frameworks */,
				01B9F5572B015400007EA85A /* Resources */,
			);
			buildRules = (
			);
			dependencies = (
			);
			name = "country-assignment-2-3";
			productName = "country-assignment-2-3";
			productReference = 01B9F5592B015400007EA85A /* country-assignment-2-3.app */;
			productType = "com.apple.product-type.application";
		};
		01B9F5682B015402007EA85A /* country-assignment-2-3Tests */ = {
			isa = PBXNativeTarget;
			buildConfigurationList = 01B9F5802B015402007EA85A /* Build configuration list for PBXNativeTarget "country-assignment-2-3Tests" */;
			buildPhases = (
				01B9F5652B015402007EA85A /* Sources */,
				01B9F5662B015402007EA85A /* Frameworks */,
				01B9F5672B015402007EA85A /* Resources */,
			);
			buildRules = (
			);
			dependencies = (
				01B9F56B2B015402007EA85A /* PBXTargetDependency */,
			);
			name = "country-assignment-2-3Tests";
			productName = "country-assignment-2-3Tests";
			productReference = 01B9F5692B015402007EA85A /* country-assignment-2-3Tests.xctest */;
			productType = "com.apple.product-type.bundle.unit-test";
		};
		01B9F5722B015402007EA85A /* country-assignment-2-3UITests */ = {
			isa = PBXNativeTarget;
			buildConfigurationList = 01B9F5832B015402007EA85A /* Build configuration list for PBXNativeTarget "country-assignment-2-3UITests" */;
			buildPhases = (
				01B9F56F2B015402007EA85A /* Sources */,
				01B9F5702B015402007EA85A /* Frameworks */,
				01B9F5712B015402007EA85A /* Resources */,
			);
			buildRules = (
			);
			dependencies = (
				01B9F5752B015402007EA85A /* PBXTargetDependency */,
			);
			name = "country-assignment-2-3UITests";
			productName = "country-assignment-2-3UITests";
			productReference = 01B9F5732B015402007EA85A /* country-assignment-2-3UITests.xctest */;
			productType = "com.apple.product-type.bundle.ui-testing";
		};
/* End PBXNativeTarget section */

/* Begin PBXProject section */
		01B9F5512B015400007EA85A /* Project object */ = {
			isa = PBXProject;
			attributes = {
				BuildIndependentTargetsInParallel = 1;
				LastSwiftUpdateCheck = 1500;
				LastUpgradeCheck = 1500;
				TargetAttributes = {
					01B9F5582B015400007EA85A = {
						CreatedOnToolsVersion = 15.0.1;
					};
					01B9F5682B015402007EA85A = {
						CreatedOnToolsVersion = 15.0.1;
						TestTargetID = 01B9F5582B015400007EA85A;
					};
					01B9F5722B015402007EA85A = {
						CreatedOnToolsVersion = 15.0.1;
						TestTargetID = 01B9F5582B015400007EA85A;
					};
				};
			};
			buildConfigurationList = 01B9F5542B015400007EA85A /* Build configuration list for PBXProject "country-assignment-2-3" */;
			compatibilityVersion = "Xcode 14.0";
			developmentRegion = en;
			hasScannedForEncodings = 0;
			knownRegions = (
				en,
				Base,
			);
			mainGroup = 01B9F5502B015400007EA85A;
			productRefGroup = 01B9F55A2B015400007EA85A /* Products */;
			projectDirPath = "";
			projectRoot = "";
			targets = (
				01B9F5582B015400007EA85A /* country-assignment-2-3 */,
				01B9F5682B015402007EA85A /* country-assignment-2-3Tests */,
				01B9F5722B015402007EA85A /* country-assignment-2-3UITests */,
			);
		};
/* End PBXProject section */

/* Begin PBXResourcesBuildPhase section */
		01B9F5572B015400007EA85A /* Resources */ = {
			isa = PBXResourcesBuildPhase;
			buildActionMask = 2147483647;
			files = (
				01B9F5642B015402007EA85A /* Preview Assets.xcassets in Resources */,
				01B9F5612B015402007EA85A /* Assets.xcassets in Resources */,
			);
			runOnlyForDeploymentPostprocessing = 0;
		};
		01B9F5672B015402007EA85A /* Resources */ = {
			isa = PBXResourcesBuildPhase;
			buildActionMask = 2147483647;
			files = (
			);
			runOnlyForDeploymentPostprocessing = 0;
		};
		01B9F5712B015402007EA85A /* Resources */ = {
			isa = PBXResourcesBuildPhase;
			buildActionMask = 2147483647;
			files = (
			);
			runOnlyForDeploymentPostprocessing = 0;
		};
/* End PBXResourcesBuildPhase section */

/* Begin PBXSourcesBuildPhase section */
		01B9F5552B015400007EA85A /* Sources */ = {
			isa = PBXSourcesBuildPhase;
			buildActionMask = 2147483647;
			files = (
				01B9F55F2B015400007EA85A /* ContentView.swift in Sources */,
				01B9F55D2B015400007EA85A /* country_assignment_2_3App.swift in Sources */,
			);
			runOnlyForDeploymentPostprocessing = 0;
		};
		01B9F5652B015402007EA85A /* Sources */ = {
			isa = PBXSourcesBuildPhase;
			buildActionMask = 2147483647;
			files = (
				01B9F56E2B015402007EA85A /* country_assignment_2_3Tests.swift in Sources */,
			);
			runOnlyForDeploymentPostprocessing = 0;
		};
		01B9F56F2B015402007EA85A /* Sources */ = {
			isa = PBXSourcesBuildPhase;
			buildActionMask = 2147483647;
			files = (
				01B9F5782B015402007EA85A /* country_assignment_2_3UITests.swift in Sources */,
				01B9F57A2B015402007EA85A /* country_assignment_2_3UITestsLaunchTests.swift in Sources */,
			);
			runOnlyForDeploymentPostprocessing = 0;
		};
/* End PBXSourcesBuildPhase section */

/* Begin PBXTargetDependency section */
		01B9F56B2B015402007EA85A /* PBXTargetDependency */ = {
			isa = PBXTargetDependency;
			target = 01B9F5582B015400007EA85A /* country-assignment-2-3 */;
			targetProxy = 01B9F56A2B015402007EA85A /* PBXContainerItemProxy */;
		};
		01B9F5752B015402007EA85A /* PBXTargetDependency */ = {
			isa = PBXTargetDependency;
			target = 01B9F5582B015400007EA85A /* country-assignment-2-3 */;
			targetProxy = 01B9F5742B015402007EA85A /* PBXContainerItemProxy */;
		};
/* End PBXTargetDependency section */

/* Begin XCBuildConfiguration section */
		01B9F57B2B015402007EA85A /* Debug */ = {
			isa = XCBuildConfiguration;
			buildSettings = {
				ALWAYS_SEARCH_USER_PATHS = NO;
				ASSETCATALOG_COMPILER_GENERATE_SWIFT_ASSET_SYMBOL_EXTENSIONS = YES;
				CLANG_ANALYZER_NONNULL = YES;
				CLANG_ANALYZER_NUMBER_OBJECT_CONVERSION = YES_AGGRESSIVE;
				CLANG_CXX_LANGUAGE_STANDARD = "gnu++20";
				CLANG_ENABLE_MODULES = YES;
				CLANG_ENABLE_OBJC_ARC = YES;
				CLANG_ENABLE_OBJC_WEAK = YES;
				CLANG_WARN_BLOCK_CAPTURE_AUTORELEASING = YES;
				CLANG_WARN_BOOL_CONVERSION = YES;
				CLANG_WARN_COMMA = YES;
				CLANG_WARN_CONSTANT_CONVERSION = YES;
				CLANG_WARN_DEPRECATED_OBJC_IMPLEMENTATIONS = YES;
				CLANG_WARN_DIRECT_OBJC_ISA_USAGE = YES_ERROR;
				CLANG_WARN_DOCUMENTATION_COMMENTS = YES;
				CLANG_WARN_EMPTY_BODY = YES;
				CLANG_WARN_ENUM_CONVERSION = YES;
				CLANG_WARN_INFINITE_RECURSION = YES;
				CLANG_WARN_INT_CONVERSION = YES;
				CLANG_WARN_NON_LITERAL_NULL_CONVERSION = YES;
				CLANG_WARN_OBJC_IMPLICIT_RETAIN_SELF = YES;
				CLANG_WARN_OBJC_LITERAL_CONVERSION = YES;
				CLANG_WARN_OBJC_ROOT_CLASS = YES_ERROR;
				CLANG_WARN_QUOTED_INCLUDE_IN_FRAMEWORK_HEADER = YES;
				CLANG_WARN_RANGE_LOOP_ANALYSIS = YES;
				CLANG_WARN_STRICT_PROTOTYPES = YES;
				CLANG_WARN_SUSPICIOUS_MOVE = YES;
				CLANG_WARN_UNGUARDED_AVAILABILITY = YES_AGGRESSIVE;
				CLANG_WARN_UNREACHABLE_CODE = YES;
				CLANG_WARN__DUPLICATE_METHOD_MATCH = YES;
				COPY_PHASE_STRIP = NO;
				DEBUG_INFORMATION_FORMAT = dwarf;
				ENABLE_STRICT_OBJC_MSGSEND = YES;
				ENABLE_TESTABILITY = YES;
				ENABLE_USER_SCRIPT_SANDBOXING = YES;
				GCC_C_LANGUAGE_STANDARD = gnu17;
				GCC_DYNAMIC_NO_PIC = NO;
				GCC_NO_COMMON_BLOCKS = YES;
				GCC_OPTIMIZATION_LEVEL = 0;
				GCC_PREPROCESSOR_DEFINITIONS = (
					"DEBUG=1",
					"$(inherited)",
				);
				GCC_WARN_64_TO_32_BIT_CONVERSION = YES;
				GCC_WARN_ABOUT_RETURN_TYPE = YES_ERROR;
				GCC_WARN_UNDECLARED_SELECTOR = YES;
				GCC_WARN_UNINITIALIZED_AUTOS = YES_AGGRESSIVE;
				GCC_WARN_UNUSED_FUNCTION = YES;
				GCC_WARN_UNUSED_VARIABLE = YES;
				IPHONEOS_DEPLOYMENT_TARGET = 17.0;
				LOCALIZATION_PREFERS_STRING_CATALOGS = YES;
				MTL_ENABLE_DEBUG_INFO = INCLUDE_SOURCE;
				MTL_FAST_MATH = YES;
				ONLY_ACTIVE_ARCH = YES;
				SDKROOT = iphoneos;
				SWIFT_ACTIVE_COMPILATION_CONDITIONS = "DEBUG $(inherited)";
				SWIFT_OPTIMIZATION_LEVEL = "-Onone";
			};
			name = Debug;
		};
		01B9F57C2B015402007EA85A /* Release */ = {
			isa = XCBuildConfiguration;
			buildSettings = {
				ALWAYS_SEARCH_USER_PATHS = NO;
				ASSETCATALOG_COMPILER_GENERATE_SWIFT_ASSET_SYMBOL_EXTENSIONS = YES;
				CLANG_ANALYZER_NONNULL = YES;
				CLANG_ANALYZER_NUMBER_OBJECT_CONVERSION = YES_AGGRESSIVE;
				CLANG_CXX_LANGUAGE_STANDARD = "gnu++20";
				CLANG_ENABLE_MODULES = YES;
				CLANG_ENABLE_OBJC_ARC = YES;
				CLANG_ENABLE_OBJC_WEAK = YES;
				CLANG_WARN_BLOCK_CAPTURE_AUTORELEASING = YES;
				CLANG_WARN_BOOL_CONVERSION = YES;
				CLANG_WARN_COMMA = YES;
				CLANG_WARN_CONSTANT_CONVERSION = YES;
				CLANG_WARN_DEPRECATED_OBJC_IMPLEMENTATIONS = YES;
				CLANG_WARN_DIRECT_OBJC_ISA_USAGE = YES_ERROR;
				CLANG_WARN_DOCUMENTATION_COMMENTS = YES;
				CLANG_WARN_EMPTY_BODY = YES;
				CLANG_WARN_ENUM_CONVERSION = YES;
				CLANG_WARN_INFINITE_RECURSION = YES;
				CLANG_WARN_INT_CONVERSION = YES;
				CLANG_WARN_NON_LITERAL_NULL_CONVERSION = YES;
				CLANG_WARN_OBJC_IMPLICIT_RETAIN_SELF = YES;
				CLANG_WARN_OBJC_LITERAL_CONVERSION = YES;
				CLANG_WARN_OBJC_ROOT_CLASS = YES_ERROR;
				CLANG_WARN_QUOTED_INCLUDE_IN_FRAMEWORK_HEADER = YES;
				CLANG_WARN_RANGE_LOOP_ANALYSIS = YES;
				CLANG_WARN_STRICT_PROTOTYPES = YES;
				CLANG_WARN_SUSPICIOUS_MOVE = YES;
				CLANG_WARN_UNGUARDED_AVAILABILITY = YES_AGGRESSIVE;
				CLANG_WARN_UNREACHABLE_CODE = YES;
				CLANG_WARN__DUPLICATE_METHOD_MATCH = YES;
				COPY_PHASE_STRIP = NO;
				DEBUG_INFORMATION_FORMAT = "dwarf-with-dsym";
				ENABLE_NS_ASSERTIONS = NO;
				ENABLE_STRICT_OBJC_MSGSEND = YES;
				ENABLE_USER_SCRIPT_SANDBOXING = YES;
				GCC_C_LANGUAGE_STANDARD = gnu17;
				GCC_NO_COMMON_BLOCKS = YES;
				GCC_WARN_64_TO_32_BIT_CONVERSION = YES;
				GCC_WARN_ABOUT_RETURN_TYPE = YES_ERROR;
				GCC_WARN_UNDECLARED_SELECTOR = YES;
				GCC_WARN_UNINITIALIZED_AUTOS = YES_AGGRESSIVE;
				GCC_WARN_UNUSED_FUNCTION = YES;
				GCC_WARN_UNUSED_VARIABLE = YES;
				IPHONEOS_DEPLOYMENT_TARGET = 17.0;
				LOCALIZATION_PREFERS_STRING_CATALOGS = YES;
				MTL_ENABLE_DEBUG_INFO = NO;
				MTL_FAST_MATH = YES;
				SDKROOT = iphoneos;
				SWIFT_COMPILATION_MODE = wholemodule;
				VALIDATE_PRODUCT = YES;
			};
			name = Release;
		};
		01B9F57E2B015402007EA85A /* Debug */ = {
			isa = XCBuildConfiguration;
			buildSettings = {
				ASSETCATALOG_COMPILER_APPICON_NAME = AppIcon;
				ASSETCATALOG_COMPILER_GLOBAL_ACCENT_COLOR_NAME = AccentColor;
				CODE_SIGN_STYLE = Automatic;
				CURRENT_PROJECT_VERSION = 1;
				DEVELOPMENT_ASSET_PATHS = "\"country-assignment-2-3/Preview Content\"";
				DEVELOPMENT_TEAM = V94L67MHG8;
				ENABLE_PREVIEWS = YES;
				GENERATE_INFOPLIST_FILE = YES;
				INFOPLIST_KEY_UIApplicationSceneManifest_Generation = YES;
				INFOPLIST_KEY_UIApplicationSupportsIndirectInputEvents = YES;
				INFOPLIST_KEY_UILaunchScreen_Generation = YES;
				INFOPLIST_KEY_UISupportedInterfaceOrientations_iPad = "UIInterfaceOrientationPortrait UIInterfaceOrientationPortraitUpsideDown UIInterfaceOrientationLandscapeLeft UIInterfaceOrientationLandscapeRight";
				INFOPLIST_KEY_UISupportedInterfaceOrientations_iPhone = "UIInterfaceOrientationPortrait UIInterfaceOrientationLandscapeLeft UIInterfaceOrientationLandscapeRight";
				LD_RUNPATH_SEARCH_PATHS = (
					"$(inherited)",
					"@executable_path/Frameworks",
				);
				MARKETING_VERSION = 1.0;
				PRODUCT_BUNDLE_IDENTIFIER = "com.algonquincollege.country-assignment-2-3";
				PRODUCT_NAME = "$(TARGET_NAME)";
				SWIFT_EMIT_LOC_STRINGS = YES;
				SWIFT_VERSION = 5.0;
				TARGETED_DEVICE_FAMILY = "1,2";
			};
			name = Debug;
		};
		01B9F57F2B015402007EA85A /* Release */ = {
			isa = XCBuildConfiguration;
			buildSettings = {
				ASSETCATALOG_COMPILER_APPICON_NAME = AppIcon;
				ASSETCATALOG_COMPILER_GLOBAL_ACCENT_COLOR_NAME = AccentColor;
				CODE_SIGN_STYLE = Automatic;
				CURRENT_PROJECT_VERSION = 1;
				DEVELOPMENT_ASSET_PATHS = "\"country-assignment-2-3/Preview Content\"";
				DEVELOPMENT_TEAM = V94L67MHG8;
				ENABLE_PREVIEWS = YES;
				GENERATE_INFOPLIST_FILE = YES;
				INFOPLIST_KEY_UIApplicationSceneManifest_Generation = YES;
				INFOPLIST_KEY_UIApplicationSupportsIndirectInputEvents = YES;
				INFOPLIST_KEY_UILaunchScreen_Generation = YES;
				INFOPLIST_KEY_UISupportedInterfaceOrientations_iPad = "UIInterfaceOrientationPortrait UIInterfaceOrientationPortraitUpsideDown UIInterfaceOrientationLandscapeLeft UIInterfaceOrientationLandscapeRight";
				INFOPLIST_KEY_UISupportedInterfaceOrientations_iPhone = "UIInterfaceOrientationPortrait UIInterfaceOrientationLandscapeLeft UIInterfaceOrientationLandscapeRight";
				LD_RUNPATH_SEARCH_PATHS = (
					"$(inherited)",
					"@executable_path/Frameworks",
				);
				MARKETING_VERSION = 1.0;
				PRODUCT_BUNDLE_IDENTIFIER = "com.algonquincollege.country-assignment-2-3";
				PRODUCT_NAME = "$(TARGET_NAME)";
				SWIFT_EMIT_LOC_STRINGS = YES;
				SWIFT_VERSION = 5.0;
				TARGETED_DEVICE_FAMILY = "1,2";
			};
			name = Release;
		};
		01B9F5812B015402007EA85A /* Debug */ = {
			isa = XCBuildConfiguration;
			buildSettings = {
				ALWAYS_EMBED_SWIFT_STANDARD_LIBRARIES = YES;
				BUNDLE_LOADER = "$(TEST_HOST)";
				CODE_SIGN_STYLE = Automatic;
				CURRENT_PROJECT_VERSION = 1;
				DEVELOPMENT_TEAM = V94L67MHG8;
				GENERATE_INFOPLIST_FILE = YES;
				IPHONEOS_DEPLOYMENT_TARGET = 17.0;
				MARKETING_VERSION = 1.0;
				PRODUCT_BUNDLE_IDENTIFIER = "com.algonquincollege.country-assignment-2-3Tests";
				PRODUCT_NAME = "$(TARGET_NAME)";
				SWIFT_EMIT_LOC_STRINGS = NO;
				SWIFT_VERSION = 5.0;
				TARGETED_DEVICE_FAMILY = "1,2";
				TEST_HOST = "$(BUILT_PRODUCTS_DIR)/country-assignment-2-3.app/$(BUNDLE_EXECUTABLE_FOLDER_PATH)/country-assignment-2-3";
			};
			name = Debug;
		};
		01B9F5822B015402007EA85A /* Release */ = {
			isa = XCBuildConfiguration;
			buildSettings = {
				ALWAYS_EMBED_SWIFT_STANDARD_LIBRARIES = YES;
				BUNDLE_LOADER = "$(TEST_HOST)";
				CODE_SIGN_STYLE = Automatic;
				CURRENT_PROJECT_VERSION = 1;
				DEVELOPMENT_TEAM = V94L67MHG8;
				GENERATE_INFOPLIST_FILE = YES;
				IPHONEOS_DEPLOYMENT_TARGET = 17.0;
				MARKETING_VERSION = 1.0;
				PRODUCT_BUNDLE_IDENTIFIER = "com.algonquincollege.country-assignment-2-3Tests";
				PRODUCT_NAME = "$(TARGET_NAME)";
				SWIFT_EMIT_LOC_STRINGS = NO;
				SWIFT_VERSION = 5.0;
				TARGETED_DEVICE_FAMILY = "1,2";
				TEST_HOST = "$(BUILT_PRODUCTS_DIR)/country-assignment-2-3.app/$(BUNDLE_EXECUTABLE_FOLDER_PATH)/country-assignment-2-3";
			};
			name = Release;
		};
		01B9F5842B015402007EA85A /* Debug */ = {
			isa = XCBuildConfiguration;
			buildSettings = {
				ALWAYS_EMBED_SWIFT_STANDARD_LIBRARIES = YES;
				CODE_SIGN_STYLE = Automatic;
				CURRENT_PROJECT_VERSION = 1;
				DEVELOPMENT_TEAM = V94L67MHG8;
				GENERATE_INFOPLIST_FILE = YES;
				MARKETING_VERSION = 1.0;
				PRODUCT_BUNDLE_IDENTIFIER = "com.algonquincollege.country-assignment-2-3UITests";
				PRODUCT_NAME = "$(TARGET_NAME)";
				SWIFT_EMIT_LOC_STRINGS = NO;
				SWIFT_VERSION = 5.0;
				TARGETED_DEVICE_FAMILY = "1,2";
				TEST_TARGET_NAME = "country-assignment-2-3";
			};
			name = Debug;
		};
		01B9F5852B015402007EA85A /* Release */ = {
			isa = XCBuildConfiguration;
			buildSettings = {
				ALWAYS_EMBED_SWIFT_STANDARD_LIBRARIES = YES;
				CODE_SIGN_STYLE = Automatic;
				CURRENT_PROJECT_VERSION = 1;
				DEVELOPMENT_TEAM = V94L67MHG8;
				GENERATE_INFOPLIST_FILE = YES;
				MARKETING_VERSION = 1.0;
				PRODUCT_BUNDLE_IDENTIFIER = "com.algonquincollege.country-assignment-2-3UITests";
				PRODUCT_NAME = "$(TARGET_NAME)";
				SWIFT_EMIT_LOC_STRINGS = NO;
				SWIFT_VERSION = 5.0;
				TARGETED_DEVICE_FAMILY = "1,2";
				TEST_TARGET_NAME = "country-assignment-2-3";
			};
			name = Release;
		};
/* End XCBuildConfiguration section */

/* Begin XCConfigurationList section */
		01B9F5542B015400007EA85A /* Build configuration list for PBXProject "country-assignment-2-3" */ = {
			isa = XCConfigurationList;
			buildConfigurations = (
				01B9F57B2B015402007EA85A /* Debug */,
				01B9F57C2B015402007EA85A /* Release */,
			);
			defaultConfigurationIsVisible = 0;
			defaultConfigurationName = Release;
		};
		01B9F57D2B015402007EA85A /* Build configuration list for PBXNativeTarget "country-assignment-2-3" */ = {
			isa = XCConfigurationList;
			buildConfigurations = (
				01B9F57E2B015402007EA85A /* Debug */,
				01B9F57F2B015402007EA85A /* Release */,
			);
			defaultConfigurationIsVisible = 0;
			defaultConfigurationName = Release;
		};
		01B9F5802B015402007EA85A /* Build configuration list for PBXNativeTarget "country-assignment-2-3Tests" */ = {
			isa = XCConfigurationList;
			buildConfigurations = (
				01B9F5812B015402007EA85A /* Debug */,
				01B9F5822B015402007EA85A /* Release */,
			);
			defaultConfigurationIsVisible = 0;
			defaultConfigurationName = Release;
		};
		01B9F5832B015402007EA85A /* Build configuration list for PBXNativeTarget "country-assignment-2-3UITests" */ = {
			isa = XCConfigurationList;
			buildConfigurations = (
				01B9F5842B015402007EA85A /* Debug */,
				01B9F5852B015402007EA85A /* Release */,
			);
			defaultConfigurationIsVisible = 0;
			defaultConfigurationName = Release;
		};
/* End XCConfigurationList section */
	};
	rootObject = 01B9F5512B015400007EA85A /* Project object */;
}
